<?xml version="1.0" encoding="utf-8"?>
<Project ToolsVersion="4.0" xmlns="http://schemas.microsoft.com/developer/msbuild/2003">
  <ItemGroup>
    <Filter Include="Исходные файлы">
      <UniqueIdentifier>{4FC737F1-C7A5-4376-A066-2A32D752A2FF}</UniqueIdentifier>
      <Extensions>cpp;c;cc;cxx;c++;cppm;ixx;def;odl;idl;hpj;bat;asm;asmx</Extensions>
    </Filter>
    <Filter Include="Файлы заголовков">
      <UniqueIdentifier>{93995380-89BD-4b04-88EB-625FBE52EBFB}</UniqueIdentifier>
      <Extensions>h;hh;hpp;hxx;h++;hm;inl;inc;ipp;xsd</Extensions>
    </Filter>
    <Filter Include="Файлы ресурсов">
      <UniqueIdentifier>{67DA6AB6-F800-4c08-8B7A-83BB121AAD01}</UniqueIdentifier>
      <Extensions>rc;ico;cur;bmp;dlg;rc2;rct;bin;rgs;gif;jpg;jpeg;jpe;resx;tiff;tif;png;wav;mfcribbon-ms</Extensions>
    </Filter>
    <Filter Include="Файлы ресурсов\Шейдеры">
      <UniqueIdentifier>{2c259b80-0b11-4d41-9573-41c981e6fa37}</UniqueIdentifier>
    </Filter>
    <Filter Include="Файлы ресурсов\Модели">
      <UniqueIdentifier>{d684980a-0c74-4361-bd18-ff88711cfeee}</UniqueIdentifier>
    </Filter>
  </ItemGroup>
  <ItemGroup>
    <ClCompile Include="main.cpp">
      <Filter>Исходные файлы</Filter>
    </ClCompile>
    <ClCompile Include="UtilD3D.cpp">
      <Filter>Исходные файлы</Filter>
    </ClCompile>
    <ClCompile Include="UtilWin32.cpp">
      <Filter>Исходные файлы</Filter>
    </ClCompile>
    <ClCompile Include="Model.cpp">
      <Filter>Исходные файлы</Filter>
    </ClCompile>
    <ClCompile Include="stdafx.cpp">
      <Filter>Исходные файлы</Filter>
    </ClCompile>
  </ItemGroup>
  <ItemGroup>
    <ClInclude Include="stdafx.h">
      <Filter>Файлы заголовков</Filter>
    </ClInclude>
    <ClInclude Include="UtilWin32.h">
      <Filter>Файлы заголовков</Filter>
    </ClInclude>
    <ClInclude Include="UtilD3D.h">
      <Filter>Файлы заголовков</Filter>
    </ClInclude>
    <ClInclude Include="Model.h">
      <Filter>Файлы заголовков</Filter>
    </ClInclude>
    <ClInclude Include="DXSampleHelper.h">
      <Filter>Файлы заголовков</Filter>
    </ClInclude>
    <ClInclude Include="Span.h">
      <Filter>Файлы заголовков</Filter>
    </ClInclude>
    <ClInclude Include="Shared.h">
      <Filter>Файлы заголовков</Filter>
    </ClInclude>
  </ItemGroup>
  <ItemGroup>
    <None Include="MainCommon.hlsli">
      <Filter>Файлы ресурсов\Шейдеры</Filter>
    </None>
    <None Include="AABB_Common.hlsli">
      <Filter>Файлы ресурсов\Шейдеры</Filter>
    </None>
  </ItemGroup>
  <ItemGroup>
    <FxCompile Include="AABB_MS.hlsl">
      <Filter>Файлы ресурсов\Шейдеры</Filter>
    </FxCompile>
    <FxCompile Include="AABB_PS.hlsl">
      <Filter>Файлы ресурсов\Шейдеры</Filter>
    </FxCompile>
    <FxCompile Include="MainMS.hlsl">
      <Filter>Файлы ресурсов\Шейдеры</Filter>
    </FxCompile>
    <FxCompile Include="MainPS.hlsl">
      <Filter>Файлы ресурсов\Шейдеры</Filter>
    </FxCompile>
    <FxCompile Include="AABB_AS.hlsl">
      <Filter>Файлы ресурсов\Шейдеры</Filter>
    </FxCompile>
    <FxCompile Include="MainAS.hlsl">
      <Filter>Файлы ресурсов\Шейдеры</Filter>
    </FxCompile>
  </ItemGroup>
  <ItemGroup>
    <CopyFileToFolders Include="..\Assets\Dragon_LOD0.bin">
      <Filter>Файлы ресурсов\Модели</Filter>
    </CopyFileToFolders>
    <CopyFileToFolders Include="..\Assets\Dragon_LOD1.bin">
      <Filter>Файлы ресурсов\Модели</Filter>
    </CopyFileToFolders>
    <CopyFileToFolders Include="..\Assets\Dragon_LOD2.bin">
      <Filter>Файлы ресурсов\Модели</Filter>
    </CopyFileToFolders>
    <CopyFileToFolders Include="..\Assets\Dragon_LOD3.bin">
      <Filter>Файлы ресурсов\Модели</Filter>
    </CopyFileToFolders>
    <CopyFileToFolders Include="..\Assets\Dragon_LOD4.bin">
      <Filter>Файлы ресурсов\Модели</Filter>
    </CopyFileToFolders>
    <CopyFileToFolders Include="..\Assets\Dragon_LOD5.bin">
      <Filter>Файлы ресурсов\Модели</Filter>
    </CopyFileToFolders>
  </ItemGroup>
</Project>